
Microsoft Visual Studio Solution File, Format Version 12.00
# Visual Studio Version 17
VisualStudioVersion = 17.5.33516.290
MinimumVisualStudioVersion = 10.0.40219.1
Project("{9A19103F-16F7-4668-BE54-9A1E7A4F7556}") = "GrayMint.Authorization.Abstractions", "GrayMint.Authorization.Abstractions\GrayMint.Authorization.Abstractions.csproj", "{B2A8C316-A9F5-465B-BB16-CB92737C9953}"
EndProject
Project("{9A19103F-16F7-4668-BE54-9A1E7A4F7556}") = "GrayMint.Authorization.Authentications", "GrayMint.Authorization.Authentications\GrayMint.Authorization.Authentications.csproj", "{02073671-F64B-44C7-82D5-40FDDDE6C08C}"
EndProject
Project("{9A19103F-16F7-4668-BE54-9A1E7A4F7556}") = "GrayMint.Authorization.RoleManagement.Abstractions", "GrayMint.Authorization.RoleManagement.Abstractions\GrayMint.Authorization.RoleManagement.Abstractions.csproj", "{B7FA9180-12DA-4137-A310-39C95A447AA1}"
EndProject
Project("{9A19103F-16F7-4668-BE54-9A1E7A4F7556}") = "GrayMint.Authorization.RoleManagement.RoleAuthorizations", "GrayMint.Authorization.RoleManagement.RoleAuthorizations\GrayMint.Authorization.RoleManagement.RoleAuthorizations.csproj", "{9D9C5FB1-CFB5-4246-B55A-9FA94A4C0A1B}"
EndProject
Project("{9A19103F-16F7-4668-BE54-9A1E7A4F7556}") = "GrayMint.Authorization.UserManagement.Abstractions", "GrayMint.Authorization.UserManagement.Abstractions\GrayMint.Authorization.UserManagement.Abstractions.csproj", "{A734FEEB-98FD-4A1D-8D32-A71AC46581AA}"
EndProject
Project("{2150E333-8FDC-42A3-9474-1A3956D46DE8}") = "Tests", "Tests", "{CE787F94-2BCB-4BD4-8719-D5BEBF689408}"
EndProject
Project("{9A19103F-16F7-4668-BE54-9A1E7A4F7556}") = "GrayMint.Authorization.Test", "Tests\GrayMint.Authorization.Test\GrayMint.Authorization.Test.csproj", "{84A70C14-AD5D-4E99-B8F7-B5650A1B758A}"
EndProject
Project("{9A19103F-16F7-4668-BE54-9A1E7A4F7556}") = "GrayMint.Authorization.Test.WebApiSample", "Tests\GrayMint.Authorization.Test.WebApiSample\GrayMint.Authorization.Test.WebApiSample.csproj", "{7D93F4BF-FE6A-469F-BBE1-84F1177DEE57}"
EndProject
Project("{9A19103F-16F7-4668-BE54-9A1E7A4F7556}") = "GrayMint.Authorization", "GrayMint.Authorization\GrayMint.Authorization.csproj", "{C81941CE-C72D-4BCE-BEC8-849343FBD990}"
EndProject
Project("{9A19103F-16F7-4668-BE54-9A1E7A4F7556}") = "GrayMint.Authorization.RoleManagement.TeamControllers", "GrayMint.Authorization.RoleManagement.TeamControllers\GrayMint.Authorization.RoleManagement.TeamControllers.csproj", "{7421C0F4-BDD6-4C90-AC6B-E95CF2982FA3}"
EndProject
Project("{9A19103F-16F7-4668-BE54-9A1E7A4F7556}") = "GrayMint.Authorization.PermissionAuthorizations", "GrayMint.Authorization.PermissionAuthorizations\GrayMint.Authorization.PermissionAuthorizations.csproj", "{2B052F47-5CB7-4244-A67A-EE9ECE72200D}"
EndProject
Project("{9A19103F-16F7-4668-BE54-9A1E7A4F7556}") = "GrayMint.Authorization.Authentications.Controllers", "GrayMint.Authorization.Authentications.Controllers\GrayMint.Authorization.Authentications.Controllers.csproj", "{9F6398F8-84B3-4A93-B5FC-6E2A7AD8B8F3}"
EndProject
Project("{9A19103F-16F7-4668-BE54-9A1E7A4F7556}") = "GrayMint.Authorization.RoleManagement.RoleProviders", "GrayMint.Authorization.RoleManagement.RoleProviders\GrayMint.Authorization.RoleManagement.RoleProviders.csproj", "{EF964BA6-2D3D-41CD-A155-1659B0C73351}"
EndProject
Project("{9A19103F-16F7-4668-BE54-9A1E7A4F7556}") = "GrayMint.Authorization.UserManagement.UserProviders", "GrayMint.Authorization.UserManagement.UserProviders\GrayMint.Authorization.UserManagement.UserProviders.csproj", "{C289033A-08F7-40A7-9D1C-A6F9EC8485C8}"
EndProject
Project("{9A19103F-16F7-4668-BE54-9A1E7A4F7556}") = "GrayMint.Authorization.RoleManagement.ResourceProviders", "GrayMint.Authorization.RoleManagement.ResourceProviders\GrayMint.Authorization.RoleManagement.ResourceProviders.csproj", "{0A1E5A69-7FCF-4E10-9AAC-0E35FB1DC003}"
EndProject
Project("{9A19103F-16F7-4668-BE54-9A1E7A4F7556}") = "GrayMint.Authorization.MicroserviceAuthorization", "GrayMint.Authorization.MicroserviceAuthorization\GrayMint.Authorization.MicroserviceAuthorization.csproj", "{929878C9-8099-4E96-89FB-A0D4DE5F6B79}"
EndProject
Project("{FAE04EC0-301F-11D3-BF4B-00C04F79EFBC}") = "GrayMint.Authorization.Test.MicroserviceSample", "GrayMint.Authorization.Test.MicroserviceSample\GrayMint.Authorization.Test.MicroserviceSample.csproj", "{740A9D12-C1F7-406A-A88F-CF5A0B40F59B}"
EndProject
Project("{9A19103F-16F7-4668-BE54-9A1E7A4F7556}") = "GrayMint.Authorization.Test.ItemServices", "Tests\GrayMint.Authorization.Test.ItemServices\GrayMint.Authorization.Test.ItemServices.csproj", "{DCDC2693-E663-4F2C-B9CA-78FD47B9FA40}"
EndProject
Global
	GlobalSection(SolutionConfigurationPlatforms) = preSolution
		Debug|Any CPU = Debug|Any CPU
		Release|Any CPU = Release|Any CPU
	EndGlobalSection
	GlobalSection(ProjectConfigurationPlatforms) = postSolution
		{B2A8C316-A9F5-465B-BB16-CB92737C9953}.Debug|Any CPU.ActiveCfg = Debug|Any CPU
		{B2A8C316-A9F5-465B-BB16-CB92737C9953}.Debug|Any CPU.Build.0 = Debug|Any CPU
		{B2A8C316-A9F5-465B-BB16-CB92737C9953}.Release|Any CPU.ActiveCfg = Release|Any CPU
		{B2A8C316-A9F5-465B-BB16-CB92737C9953}.Release|Any CPU.Build.0 = Release|Any CPU
		{02073671-F64B-44C7-82D5-40FDDDE6C08C}.Debug|Any CPU.ActiveCfg = Debug|Any CPU
		{02073671-F64B-44C7-82D5-40FDDDE6C08C}.Debug|Any CPU.Build.0 = Debug|Any CPU
		{02073671-F64B-44C7-82D5-40FDDDE6C08C}.Release|Any CPU.ActiveCfg = Release|Any CPU
		{02073671-F64B-44C7-82D5-40FDDDE6C08C}.Release|Any CPU.Build.0 = Release|Any CPU
		{B7FA9180-12DA-4137-A310-39C95A447AA1}.Debug|Any CPU.ActiveCfg = Debug|Any CPU
		{B7FA9180-12DA-4137-A310-39C95A447AA1}.Debug|Any CPU.Build.0 = Debug|Any CPU
		{B7FA9180-12DA-4137-A310-39C95A447AA1}.Release|Any CPU.ActiveCfg = Release|Any CPU
		{B7FA9180-12DA-4137-A310-39C95A447AA1}.Release|Any CPU.Build.0 = Release|Any CPU
		{9D9C5FB1-CFB5-4246-B55A-9FA94A4C0A1B}.Debug|Any CPU.ActiveCfg = Debug|Any CPU
		{9D9C5FB1-CFB5-4246-B55A-9FA94A4C0A1B}.Debug|Any CPU.Build.0 = Debug|Any CPU
		{9D9C5FB1-CFB5-4246-B55A-9FA94A4C0A1B}.Release|Any CPU.ActiveCfg = Release|Any CPU
		{9D9C5FB1-CFB5-4246-B55A-9FA94A4C0A1B}.Release|Any CPU.Build.0 = Release|Any CPU
		{A734FEEB-98FD-4A1D-8D32-A71AC46581AA}.Debug|Any CPU.ActiveCfg = Debug|Any CPU
		{A734FEEB-98FD-4A1D-8D32-A71AC46581AA}.Debug|Any CPU.Build.0 = Debug|Any CPU
		{A734FEEB-98FD-4A1D-8D32-A71AC46581AA}.Release|Any CPU.ActiveCfg = Release|Any CPU
		{A734FEEB-98FD-4A1D-8D32-A71AC46581AA}.Release|Any CPU.Build.0 = Release|Any CPU
		{84A70C14-AD5D-4E99-B8F7-B5650A1B758A}.Debug|Any CPU.ActiveCfg = Debug|Any CPU
		{84A70C14-AD5D-4E99-B8F7-B5650A1B758A}.Debug|Any CPU.Build.0 = Debug|Any CPU
		{84A70C14-AD5D-4E99-B8F7-B5650A1B758A}.Release|Any CPU.ActiveCfg = Release|Any CPU
		{84A70C14-AD5D-4E99-B8F7-B5650A1B758A}.Release|Any CPU.Build.0 = Release|Any CPU
		{7D93F4BF-FE6A-469F-BBE1-84F1177DEE57}.Debug|Any CPU.ActiveCfg = Debug|Any CPU
		{7D93F4BF-FE6A-469F-BBE1-84F1177DEE57}.Debug|Any CPU.Build.0 = Debug|Any CPU
		{7D93F4BF-FE6A-469F-BBE1-84F1177DEE57}.Release|Any CPU.ActiveCfg = Release|Any CPU
		{7D93F4BF-FE6A-469F-BBE1-84F1177DEE57}.Release|Any CPU.Build.0 = Release|Any CPU
		{C81941CE-C72D-4BCE-BEC8-849343FBD990}.Debug|Any CPU.ActiveCfg = Debug|Any CPU
		{C81941CE-C72D-4BCE-BEC8-849343FBD990}.Debug|Any CPU.Build.0 = Debug|Any CPU
		{C81941CE-C72D-4BCE-BEC8-849343FBD990}.Release|Any CPU.ActiveCfg = Release|Any CPU
		{C81941CE-C72D-4BCE-BEC8-849343FBD990}.Release|Any CPU.Build.0 = Release|Any CPU
		{7421C0F4-BDD6-4C90-AC6B-E95CF2982FA3}.Debug|Any CPU.ActiveCfg = Debug|Any CPU
		{7421C0F4-BDD6-4C90-AC6B-E95CF2982FA3}.Debug|Any CPU.Build.0 = Debug|Any CPU
		{7421C0F4-BDD6-4C90-AC6B-E95CF2982FA3}.Release|Any CPU.ActiveCfg = Release|Any CPU
		{7421C0F4-BDD6-4C90-AC6B-E95CF2982FA3}.Release|Any CPU.Build.0 = Release|Any CPU
		{2B052F47-5CB7-4244-A67A-EE9ECE72200D}.Debug|Any CPU.ActiveCfg = Debug|Any CPU
		{2B052F47-5CB7-4244-A67A-EE9ECE72200D}.Debug|Any CPU.Build.0 = Debug|Any CPU
		{2B052F47-5CB7-4244-A67A-EE9ECE72200D}.Release|Any CPU.ActiveCfg = Release|Any CPU
		{2B052F47-5CB7-4244-A67A-EE9ECE72200D}.Release|Any CPU.Build.0 = Release|Any CPU
		{9F6398F8-84B3-4A93-B5FC-6E2A7AD8B8F3}.Debug|Any CPU.ActiveCfg = Debug|Any CPU
		{9F6398F8-84B3-4A93-B5FC-6E2A7AD8B8F3}.Debug|Any CPU.Build.0 = Debug|Any CPU
		{9F6398F8-84B3-4A93-B5FC-6E2A7AD8B8F3}.Release|Any CPU.ActiveCfg = Release|Any CPU
		{9F6398F8-84B3-4A93-B5FC-6E2A7AD8B8F3}.Release|Any CPU.Build.0 = Release|Any CPU
		{EF964BA6-2D3D-41CD-A155-1659B0C73351}.Debug|Any CPU.ActiveCfg = Debug|Any CPU
		{EF964BA6-2D3D-41CD-A155-1659B0C73351}.Debug|Any CPU.Build.0 = Debug|Any CPU
		{EF964BA6-2D3D-41CD-A155-1659B0C73351}.Release|Any CPU.ActiveCfg = Release|Any CPU
		{EF964BA6-2D3D-41CD-A155-1659B0C73351}.Release|Any CPU.Build.0 = Release|Any CPU
		{C289033A-08F7-40A7-9D1C-A6F9EC8485C8}.Debug|Any CPU.ActiveCfg = Debug|Any CPU
		{C289033A-08F7-40A7-9D1C-A6F9EC8485C8}.Debug|Any CPU.Build.0 = Debug|Any CPU
		{C289033A-08F7-40A7-9D1C-A6F9EC8485C8}.Release|Any CPU.ActiveCfg = Release|Any CPU
		{C289033A-08F7-40A7-9D1C-A6F9EC8485C8}.Release|Any CPU.Build.0 = Release|Any CPU
		{0A1E5A69-7FCF-4E10-9AAC-0E35FB1DC003}.Debug|Any CPU.ActiveCfg = Debug|Any CPU
		{0A1E5A69-7FCF-4E10-9AAC-0E35FB1DC003}.Debug|Any CPU.Build.0 = Debug|Any CPU
		{0A1E5A69-7FCF-4E10-9AAC-0E35FB1DC003}.Release|Any CPU.ActiveCfg = Release|Any CPU
		{0A1E5A69-7FCF-4E10-9AAC-0E35FB1DC003}.Release|Any CPU.Build.0 = Release|Any CPU
		{929878C9-8099-4E96-89FB-A0D4DE5F6B79}.Debug|Any CPU.ActiveCfg = Debug|Any CPU
		{929878C9-8099-4E96-89FB-A0D4DE5F6B79}.Debug|Any CPU.Build.0 = Debug|Any CPU
		{929878C9-8099-4E96-89FB-A0D4DE5F6B79}.Release|Any CPU.ActiveCfg = Release|Any CPU
		{929878C9-8099-4E96-89FB-A0D4DE5F6B79}.Release|Any CPU.Build.0 = Release|Any CPU
		{740A9D12-C1F7-406A-A88F-CF5A0B40F59B}.Debug|Any CPU.ActiveCfg = Debug|Any CPU
		{740A9D12-C1F7-406A-A88F-CF5A0B40F59B}.Debug|Any CPU.Build.0 = Debug|Any CPU
		{740A9D12-C1F7-406A-A88F-CF5A0B40F59B}.Release|Any CPU.ActiveCfg = Release|Any CPU
		{740A9D12-C1F7-406A-A88F-CF5A0B40F59B}.Release|Any CPU.Build.0 = Release|Any CPU
		{DCDC2693-E663-4F2C-B9CA-78FD47B9FA40}.Debug|Any CPU.ActiveCfg = Debug|Any CPU
		{DCDC2693-E663-4F2C-B9CA-78FD47B9FA40}.Debug|Any CPU.Build.0 = Debug|Any CPU
		{DCDC2693-E663-4F2C-B9CA-78FD47B9FA40}.Release|Any CPU.ActiveCfg = Release|Any CPU
		{DCDC2693-E663-4F2C-B9CA-78FD47B9FA40}.Release|Any CPU.Build.0 = Release|Any CPU
	EndGlobalSection
	GlobalSection(SolutionProperties) = preSolution
		HideSolutionNode = FALSE
	EndGlobalSection
	GlobalSection(NestedProjects) = preSolution
		{84A70C14-AD5D-4E99-B8F7-B5650A1B758A} = {CE787F94-2BCB-4BD4-8719-D5BEBF689408}
		{7D93F4BF-FE6A-469F-BBE1-84F1177DEE57} = {CE787F94-2BCB-4BD4-8719-D5BEBF689408}
		{740A9D12-C1F7-406A-A88F-CF5A0B40F59B} = {CE787F94-2BCB-4BD4-8719-D5BEBF689408}
		{DCDC2693-E663-4F2C-B9CA-78FD47B9FA40} = {CE787F94-2BCB-4BD4-8719-D5BEBF689408}
	EndGlobalSection
	GlobalSection(ExtensibilityGlobals) = postSolution
		SolutionGuid = {93F5DE27-8196-45BB-87A3-53188E62811E}
	EndGlobalSection
EndGlobal
